// !$*UTF8*$!
{
	archiveVersion = 1;
	classes = {
	};
	objectVersion = 56;
	objects = {

/* Begin PBXBuildFile section */
		7EEEE16F2B5067E60025D987 /* AppDelegate.swift in Sources */ = {isa = PBXBuildFile; fileRef = 7EEEE16E2B5067E60025D987 /* AppDelegate.swift */; };
		7EEEE1712B5067E60025D987 /* SceneDelegate.swift in Sources */ = {isa = PBXBuildFile; fileRef = 7EEEE1702B5067E60025D987 /* SceneDelegate.swift */; };
		7EEEE1732B5067E60025D987 /* ViewController.swift in Sources */ = {isa = PBXBuildFile; fileRef = 7EEEE1722B5067E60025D987 /* ViewController.swift */; };
		7EEEE1762B5067E60025D987 /* Main.storyboard in Resources */ = {isa = PBXBuildFile; fileRef = 7EEEE1742B5067E60025D987 /* Main.storyboard */; };
		7EEEE1782B5067F00025D987 /* Assets.xcassets in Resources */ = {isa = PBXBuildFile; fileRef = 7EEEE1772B5067F00025D987 /* Assets.xcassets */; };
		7EEEE17B2B5067F00025D987 /* LaunchScreen.storyboard in Resources */ = {isa = PBXBuildFile; fileRef = 7EEEE1792B5067F00025D987 /* LaunchScreen.storyboard */; };
		7EEEE1862B5067F00025D987 /* Tab_ControllerTests.swift in Sources */ = {isa = PBXBuildFile; fileRef = 7EEEE1852B5067F00025D987 /* Tab_ControllerTests.swift */; };
		7EEEE1902B5067F00025D987 /* Tab_ControllerUITests.swift in Sources */ = {isa = PBXBuildFile; fileRef = 7EEEE18F2B5067F00025D987 /* Tab_ControllerUITests.swift */; };
		7EEEE1922B5067F00025D987 /* Tab_ControllerUITestsLaunchTests.swift in Sources */ = {isa = PBXBuildFile; fileRef = 7EEEE1912B5067F00025D987 /* Tab_ControllerUITestsLaunchTests.swift */; };
/* End PBXBuildFile section */

/* Begin PBXContainerItemProxy section */
		7EEEE1822B5067F00025D987 /* PBXContainerItemProxy */ = {
			isa = PBXContainerItemProxy;
			containerPortal = 7EEEE1632B5067E60025D987 /* Project object */;
			proxyType = 1;
			remoteGlobalIDString = 7EEEE16A2B5067E60025D987;
			remoteInfo = "Tab Controller";
		};
		7EEEE18C2B5067F00025D987 /* PBXContainerItemProxy */ = {
			isa = PBXContainerItemProxy;
			containerPortal = 7EEEE1632B5067E60025D987 /* Project object */;
			proxyType = 1;
			remoteGlobalIDString = 7EEEE16A2B5067E60025D987;
			remoteInfo = "Tab Controller";
		};
/* End PBXContainerItemProxy section */

/* Begin PBXFileReference section */
		7EEEE16B2B5067E60025D987 /* Tab Controller.app */ = {isa = PBXFileReference; explicitFileType = wrapper.application; includeInIndex = 0; path = "Tab Controller.app"; sourceTree = BUILT_PRODUCTS_DIR; };
		7EEEE16E2B5067E60025D987 /* AppDelegate.swift */ = {isa = PBXFileReference; lastKnownFileType = sourcecode.swift; path = AppDelegate.swift; sourceTree = "<group>"; };
		7EEEE1702B5067E60025D987 /* SceneDelegate.swift */ = {isa = PBXFileReference; lastKnownFileType = sourcecode.swift; path = SceneDelegate.swift; sourceTree = "<group>"; };
		7EEEE1722B5067E60025D987 /* ViewController.swift */ = {isa = PBXFileReference; lastKnownFileType = sourcecode.swift; path = ViewController.swift; sourceTree = "<group>"; };
		7EEEE1752B5067E60025D987 /* Base */ = {isa = PBXFileReference; lastKnownFileType = file.storyboard; name = Base; path = Base.lproj/Main.storyboard; sourceTree = "<group>"; };
		7EEEE1772B5067F00025D987 /* Assets.xcassets */ = {isa = PBXFileReference; lastKnownFileType = folder.assetcatalog; path = Assets.xcassets; sourceTree = "<group>"; };
		7EEEE17A2B5067F00025D987 /* Base */ = {isa = PBXFileReference; lastKnownFileType = file.storyboard; name = Base; path = Base.lproj/LaunchScreen.storyboard; sourceTree = "<group>"; };
		7EEEE17C2B5067F00025D987 /* Info.plist */ = {isa = PBXFileReference; lastKnownFileType = text.plist.xml; path = Info.plist; sourceTree = "<group>"; };
		7EEEE1812B5067F00025D987 /* Tab ControllerTests.xctest */ = {isa = PBXFileReference; explicitFileType = wrapper.cfbundle; includeInIndex = 0; path = "Tab ControllerTests.xctest"; sourceTree = BUILT_PRODUCTS_DIR; };
		7EEEE1852B5067F00025D987 /* Tab_ControllerTests.swift */ = {isa = PBXFileReference; lastKnownFileType = sourcecode.swift; path = Tab_ControllerTests.swift; sourceTree = "<group>"; };
		7EEEE18B2B5067F00025D987 /* Tab ControllerUITests.xctest */ = {isa = PBXFileReference; explicitFileType = wrapper.cfbundle; includeInIndex = 0; path = "Tab ControllerUITests.xctest"; sourceTree = BUILT_PRODUCTS_DIR; };
		7EEEE18F2B5067F00025D987 /* Tab_ControllerUITests.swift */ = {isa = PBXFileReference; lastKnownFileType = sourcecode.swift; path = Tab_ControllerUITests.swift; sourceTree = "<group>"; };
		7EEEE1912B5067F00025D987 /* Tab_ControllerUITestsLaunchTests.swift */ = {isa = PBXFileReference; lastKnownFileType = sourcecode.swift; path = Tab_ControllerUITestsLaunchTests.swift; sourceTree = "<group>"; };
/* End PBXFileReference section */

/* Begin PBXFrameworksBuildPhase section */
		7EEEE1682B5067E60025D987 /* Frameworks */ = {
			isa = PBXFrameworksBuildPhase;
			buildActionMask = 2147483647;
			files = (
			);
			runOnlyForDeploymentPostprocessing = 0;
		};
		7EEEE17E2B5067F00025D987 /* Frameworks */ = {
			isa = PBXFrameworksBuildPhase;
			buildActionMask = 2147483647;
			files = (
			);
			runOnlyForDeploymentPostprocessing = 0;
		};
		7EEEE1882B5067F00025D987 /* Frameworks */ = {
			isa = PBXFrameworksBuildPhase;
			buildActionMask = 2147483647;
			files = (
			);
			runOnlyForDeploymentPostprocessing = 0;
		};
/* End PBXFrameworksBuildPhase section */

/* Begin PBXGroup section */
		7EEEE1622B5067E60025D987 = {
			isa = PBXGroup;
			children = (
				7EEEE16D2B5067E60025D987 /* Tab Controller */,
				7EEEE1842B5067F00025D987 /* Tab ControllerTests */,
				7EEEE18E2B5067F00025D987 /* Tab ControllerUITests */,
				7EEEE16C2B5067E60025D987 /* Products */,
			);
			sourceTree = "<group>";
		};
		7EEEE16C2B5067E60025D987 /* Products */ = {
			isa = PBXGroup;
			children = (
				7EEEE16B2B5067E60025D987 /* Tab Controller.app */,
				7EEEE1812B5067F00025D987 /* Tab ControllerTests.xctest */,
				7EEEE18B2B5067F00025D987 /* Tab ControllerUITests.xctest */,
			);
			name = Products;
			sourceTree = "<group>";
		};
		7EEEE16D2B5067E60025D987 /* Tab Controller */ = {
			isa = PBXGroup;
			children = (
				7EEEE16E2B5067E60025D987 /* AppDelegate.swift */,
				7EEEE1702B5067E60025D987 /* SceneDelegate.swift */,
				7EEEE1722B5067E60025D987 /* ViewController.swift */,
				7EEEE1742B5067E60025D987 /* Main.storyboard */,
				7EEEE1772B5067F00025D987 /* Assets.xcassets */,
				7EEEE1792B5067F00025D987 /* LaunchScreen.storyboard */,
				7EEEE17C2B5067F00025D987 /* Info.plist */,
			);
			path = "Tab Controller";
			sourceTree = "<group>";
		};
		7EEEE1842B5067F00025D987 /* Tab ControllerTests */ = {
			isa = PBXGroup;
			children = (
				7EEEE1852B5067F00025D987 /* Tab_ControllerTests.swift */,
			);
			path = "Tab ControllerTests";
			sourceTree = "<group>";
		};
		7EEEE18E2B5067F00025D987 /* Tab ControllerUITests */ = {
			isa = PBXGroup;
			children = (
				7EEEE18F2B5067F00025D987 /* Tab_ControllerUITests.swift */,
				7EEEE1912B5067F00025D987 /* Tab_ControllerUITestsLaunchTests.swift */,
			);
			path = "Tab ControllerUITests";
			sourceTree = "<group>";
		};
/* End PBXGroup section */

/* Begin PBXNativeTarget section */
		7EEEE16A2B5067E60025D987 /* Tab Controller */ = {
			isa = PBXNativeTarget;
			buildConfigurationList = 7EEEE1952B5067F00025D987 /* Build configuration list for PBXNativeTarget "Tab Controller" */;
			buildPhases = (
				7EEEE1672B5067E60025D987 /* Sources */,
				7EEEE1682B5067E60025D987 /* Frameworks */,
				7EEEE1692B5067E60025D987 /* Resources */,
			);
			buildRules = (
			);
			dependencies = (
			);
			name = "Tab Controller";
			productName = "Tab Controller";
			productReference = 7EEEE16B2B5067E60025D987 /* Tab Controller.app */;
			productType = "com.apple.product-type.application";
		};
		7EEEE1802B5067F00025D987 /* Tab ControllerTests */ = {
			isa = PBXNativeTarget;
			buildConfigurationList = 7EEEE1982B5067F00025D987 /* Build configuration list for PBXNativeTarget "Tab ControllerTests" */;
			buildPhases = (
				7EEEE17D2B5067F00025D987 /* Sources */,
				7EEEE17E2B5067F00025D987 /* Frameworks */,
				7EEEE17F2B5067F00025D987 /* Resources */,
			);
			buildRules = (
			);
			dependencies = (
				7EEEE1832B5067F00025D987 /* PBXTargetDependency */,
			);
			name = "Tab ControllerTests";
			productName = "Tab ControllerTests";
			productReference = 7EEEE1812B5067F00025D987 /* Tab ControllerTests.xctest */;
			productType = "com.apple.product-type.bundle.unit-test";
		};
		7EEEE18A2B5067F00025D987 /* Tab ControllerUITests */ = {
			isa = PBXNativeTarget;
			buildConfigurationList = 7EEEE19B2B5067F00025D987 /* Build configuration list for PBXNativeTarget "Tab ControllerUITests" */;
			buildPhases = (
				7EEEE1872B5067F00025D987 /* Sources */,
				7EEEE1882B5067F00025D987 /* Frameworks */,
				7EEEE1892B5067F00025D987 /* Resources */,
			);
			buildRules = (
			);
			dependencies = (
				7EEEE18D2B5067F00025D987 /* PBXTargetDependency */,
			);
			name = "Tab ControllerUITests";
			productName = "Tab ControllerUITests";
			productReference = 7EEEE18B2B5067F00025D987 /* Tab ControllerUITests.xctest */;
			productType = "com.apple.product-type.bundle.ui-testing";
		};
/* End PBXNativeTarget section */

/* Begin PBXProject section */
		7EEEE1632B5067E60025D987 /* Project object */ = {
			isa = PBXProject;
			attributes = {
				BuildIndependentTargetsInParallel = 1;
				LastSwiftUpdateCheck = 1420;
				LastUpgradeCheck = 1420;
				TargetAttributes = {
					7EEEE16A2B5067E60025D987 = {
						CreatedOnToolsVersion = 14.2;
					};
					7EEEE1802B5067F00025D987 = {
						CreatedOnToolsVersion = 14.2;
						TestTargetID = 7EEEE16A2B5067E60025D987;
					};
					7EEEE18A2B5067F00025D987 = {
						CreatedOnToolsVersion = 14.2;
						TestTargetID = 7EEEE16A2B5067E60025D987;
					};
				};
			};
			buildConfigurationList = 7EEEE1662B5067E60025D987 /* Build configuration list for PBXProject "Tab Controller" */;
			compatibilityVersion = "Xcode 14.0";
			developmentRegion = en;
			hasScannedForEncodings = 0;
			knownRegions = (
				en,
				Base,
			);
			mainGroup = 7EEEE1622B5067E60025D987;
			productRefGroup = 7EEEE16C2B5067E60025D987 /* Products */;
			projectDirPath = "";
			projectRoot = "";
			targets = (
				7EEEE16A2B5067E60025D987 /* Tab Controller */,
				7EEEE1802B5067F00025D987 /* Tab ControllerTests */,
				7EEEE18A2B5067F00025D987 /* Tab ControllerUITests */,
			);
		};
/* End PBXProject section */

/* Begin PBXResourcesBuildPhase section */
		7EEEE1692B5067E60025D987 /* Resources */ = {
			isa = PBXResourcesBuildPhase;
			buildActionMask = 2147483647;
			files = (
				7EEEE17B2B5067F00025D987 /* LaunchScreen.storyboard in Resources */,
				7EEEE1782B5067F00025D987 /* Assets.xcassets in Resources */,
				7EEEE1762B5067E60025D987 /* Main.storyboard in Resources */,
			);
			runOnlyForDeploymentPostprocessing = 0;
		};
		7EEEE17F2B5067F00025D987 /* Resources */ = {
			isa = PBXResourcesBuildPhase;
			buildActionMask = 2147483647;
			files = (
			);
			runOnlyForDeploymentPostprocessing = 0;
		};
		7EEEE1892B5067F00025D987 /* Resources */ = {
			isa = PBXResourcesBuildPhase;
			buildActionMask = 2147483647;
			files = (
			);
			runOnlyForDeploymentPostprocessing = 0;
		};
/* End PBXResourcesBuildPhase section */

/* Begin PBXSourcesBuildPhase section */
		7EEEE1672B5067E60025D987 /* Sources */ = {
			isa = PBXSourcesBuildPhase;
			buildActionMask = 2147483647;
			files = (
				7EEEE1732B5067E60025D987 /* ViewController.swift in Sources */,
				7EEEE16F2B5067E60025D987 /* AppDelegate.swift in Sources */,
				7EEEE1712B5067E60025D987 /* SceneDelegate.swift in Sources */,
			);
			runOnlyForDeploymentPostprocessing = 0;
		};
		7EEEE17D2B5067F00025D987 /* Sources */ = {
			isa = PBXSourcesBuildPhase;
			buildActionMask = 2147483647;
			files = (
				7EEEE1862B5067F00025D987 /* Tab_ControllerTests.swift in Sources */,
			);
			runOnlyForDeploymentPostprocessing = 0;
		};
		7EEEE1872B5067F00025D987 /* Sources */ = {
			isa = PBXSourcesBuildPhase;
			buildActionMask = 2147483647;
			files = (
				7EEEE1922B5067F00025D987 /* Tab_ControllerUITestsLaunchTests.swift in Sources */,
				7EEEE1902B5067F00025D987 /* Tab_ControllerUITests.swift in Sources */,
			);
			runOnlyForDeploymentPostprocessing = 0;
		};
/* End PBXSourcesBuildPhase section */

/* Begin PBXTargetDependency section */
		7EEEE1832B5067F00025D987 /* PBXTargetDependency */ = {
			isa = PBXTargetDependency;
			target = 7EEEE16A2B5067E60025D987 /* Tab Controller */;
			targetProxy = 7EEEE1822B5067F00025D987 /* PBXContainerItemProxy */;
		};
		7EEEE18D2B5067F00025D987 /* PBXTargetDependency */ = {
			isa = PBXTargetDependency;
			target = 7EEEE16A2B5067E60025D987 /* Tab Controller */;
			targetProxy = 7EEEE18C2B5067F00025D987 /* PBXContainerItemProxy */;
		};
/* End PBXTargetDependency section */

/* Begin PBXVariantGroup section */
		7EEEE1742B5067E60025D987 /* Main.storyboard */ = {
			isa = PBXVariantGroup;
			children = (
				7EEEE1752B5067E60025D987 /* Base */,
			);
			name = Main.storyboard;
			sourceTree = "<group>";
		};
		7EEEE1792B5067F00025D987 /* LaunchScreen.storyboard */ = {
			isa = PBXVariantGroup;
			children = (
				7EEEE17A2B5067F00025D987 /* Base */,
			);
			name = LaunchScreen.storyboard;
			sourceTree = "<group>";
		};
/* End PBXVariantGroup section */

/* Begin XCBuildConfiguration section */
		7EEEE1932B5067F00025D987 /* Debug */ = {
			isa = XCBuildConfiguration;
			buildSettings = {
				ALWAYS_SEARCH_USER_PATHS = NO;
				CLANG_ANALYZER_NONNULL = YES;
				CLANG_ANALYZER_NUMBER_OBJECT_CONVERSION = YES_AGGRESSIVE;
				CLANG_CXX_LANGUAGE_STANDARD = "gnu++20";
				CLANG_ENABLE_MODULES = YES;
				CLANG_ENABLE_OBJC_ARC = YES;
				CLANG_ENABLE_OBJC_WEAK = YES;
				CLANG_WARN_BLOCK_CAPTURE_AUTORELEASING = YES;
				CLANG_WARN_BOOL_CONVERSION = YES;
				CLANG_WARN_COMMA = YES;
				CLANG_WARN_CONSTANT_CONVERSION = YES;
				CLANG_WARN_DEPRECATED_OBJC_IMPLEMENTATIONS = YES;
				CLANG_WARN_DIRECT_OBJC_ISA_USAGE = YES_ERROR;
				CLANG_WARN_DOCUMENTATION_COMMENTS = YES;
				CLANG_WARN_EMPTY_BODY = YES;
				CLANG_WARN_ENUM_CONVERSION = YES;
				CLANG_WARN_INFINITE_RECURSION = YES;
				CLANG_WARN_INT_CONVERSION = YES;
				CLANG_WARN_NON_LITERAL_NULL_CONVERSION = YES;
				CLANG_WARN_OBJC_IMPLICIT_RETAIN_SELF = YES;
				CLANG_WARN_OBJC_LITERAL_CONVERSION = YES;
				CLANG_WARN_OBJC_ROOT_CLASS = YES_ERROR;
				CLANG_WARN_QUOTED_INCLUDE_IN_FRAMEWORK_HEADER = YES;
				CLANG_WARN_RANGE_LOOP_ANALYSIS = YES;
				CLANG_WARN_STRICT_PROTOTYPES = YES;
				CLANG_WARN_SUSPICIOUS_MOVE = YES;
				CLANG_WARN_UNGUARDED_AVAILABILITY = YES_AGGRESSIVE;
				CLANG_WARN_UNREACHABLE_CODE = YES;
				CLANG_WARN__DUPLICATE_METHOD_MATCH = YES;
				COPY_PHASE_STRIP = NO;
				DEBUG_INFORMATION_FORMAT = dwarf;
				ENABLE_STRICT_OBJC_MSGSEND = YES;
				ENABLE_TESTABILITY = YES;
				GCC_C_LANGUAGE_STANDARD = gnu11;
				GCC_DYNAMIC_NO_PIC = NO;
				GCC_NO_COMMON_BLOCKS = YES;
				GCC_OPTIMIZATION_LEVEL = 0;
				GCC_PREPROCESSOR_DEFINITIONS = (
					"DEBUG=1",
					"$(inherited)",
				);
				GCC_WARN_64_TO_32_BIT_CONVERSION = YES;
				GCC_WARN_ABOUT_RETURN_TYPE = YES_ERROR;
				GCC_WARN_UNDECLARED_SELECTOR = YES;
				GCC_WARN_UNINITIALIZED_AUTOS = YES_AGGRESSIVE;
				GCC_WARN_UNUSED_FUNCTION = YES;
				GCC_WARN_UNUSED_VARIABLE = YES;
				IPHONEOS_DEPLOYMENT_TARGET = 16.2;
				MTL_ENABLE_DEBUG_INFO = INCLUDE_SOURCE;
				MTL_FAST_MATH = YES;
				ONLY_ACTIVE_ARCH = YES;
				SDKROOT = iphoneos;
				SWIFT_ACTIVE_COMPILATION_CONDITIONS = DEBUG;
				SWIFT_OPTIMIZATION_LEVEL = "-Onone";
			};
			name = Debug;
		};
		7EEEE1942B5067F00025D987 /* Release */ = {
			isa = XCBuildConfiguration;
			buildSettings = {
				ALWAYS_SEARCH_USER_PATHS = NO;
				CLANG_ANALYZER_NONNULL = YES;
				CLANG_ANALYZER_NUMBER_OBJECT_CONVERSION = YES_AGGRESSIVE;
				CLANG_CXX_LANGUAGE_STANDARD = "gnu++20";
				CLANG_ENABLE_MODULES = YES;
				CLANG_ENABLE_OBJC_ARC = YES;
				CLANG_ENABLE_OBJC_WEAK = YES;
				CLANG_WARN_BLOCK_CAPTURE_AUTORELEASING = YES;
				CLANG_WARN_BOOL_CONVERSION = YES;
				CLANG_WARN_COMMA = YES;
				CLANG_WARN_CONSTANT_CONVERSION = YES;
				CLANG_WARN_DEPRECATED_OBJC_IMPLEMENTATIONS = YES;
				CLANG_WARN_DIRECT_OBJC_ISA_USAGE = YES_ERROR;
				CLANG_WARN_DOCUMENTATION_COMMENTS = YES;
				CLANG_WARN_EMPTY_BODY = YES;
				CLANG_WARN_ENUM_CONVERSION = YES;
				CLANG_WARN_INFINITE_RECURSION = YES;
				CLANG_WARN_INT_CONVERSION = YES;
				CLANG_WARN_NON_LITERAL_NULL_CONVERSION = YES;
				CLANG_WARN_OBJC_IMPLICIT_RETAIN_SELF = YES;
				CLANG_WARN_OBJC_LITERAL_CONVERSION = YES;
				CLANG_WARN_OBJC_ROOT_CLASS = YES_ERROR;
				CLANG_WARN_QUOTED_INCLUDE_IN_FRAMEWORK_HEADER = YES;
				CLANG_WARN_RANGE_LOOP_ANALYSIS = YES;
				CLANG_WARN_STRICT_PROTOTYPES = YES;
				CLANG_WARN_SUSPICIOUS_MOVE = YES;
				CLANG_WARN_UNGUARDED_AVAILABILITY = YES_AGGRESSIVE;
				CLANG_WARN_UNREACHABLE_CODE = YES;
				CLANG_WARN__DUPLICATE_METHOD_MATCH = YES;
				COPY_PHASE_STRIP = NO;
				DEBUG_INFORMATION_FORMAT = "dwarf-with-dsym";
				ENABLE_NS_ASSERTIONS = NO;
				ENABLE_STRICT_OBJC_MSGSEND = YES;
				GCC_C_LANGUAGE_STANDARD = gnu11;
				GCC_NO_COMMON_BLOCKS = YES;
				GCC_WARN_64_TO_32_BIT_CONVERSION = YES;
				GCC_WARN_ABOUT_RETURN_TYPE = YES_ERROR;
				GCC_WARN_UNDECLARED_SELECTOR = YES;
				GCC_WARN_UNINITIALIZED_AUTOS = YES_AGGRESSIVE;
				GCC_WARN_UNUSED_FUNCTION = YES;
				GCC_WARN_UNUSED_VARIABLE = YES;
				IPHONEOS_DEPLOYMENT_TARGET = 16.2;
				MTL_ENABLE_DEBUG_INFO = NO;
				MTL_FAST_MATH = YES;
				SDKROOT = iphoneos;
				SWIFT_COMPILATION_MODE = wholemodule;
				SWIFT_OPTIMIZATION_LEVEL = "-O";
				VALIDATE_PRODUCT = YES;
			};
			name = Release;
		};
		7EEEE1962B5067F00025D987 /* Debug */ = {
			isa = XCBuildConfiguration;
			buildSettings = {
				ASSETCATALOG_COMPILER_APPICON_NAME = AppIcon;
				ASSETCATALOG_COMPILER_GLOBAL_ACCENT_COLOR_NAME = AccentColor;
				CODE_SIGN_STYLE = Automatic;
				CURRENT_PROJECT_VERSION = 1;
				GENERATE_INFOPLIST_FILE = YES;
				INFOPLIST_FILE = "Tab Controller/Info.plist";
				INFOPLIST_KEY_UIApplicationSupportsIndirectInputEvents = YES;
				INFOPLIST_KEY_UILaunchStoryboardName = LaunchScreen;
				INFOPLIST_KEY_UIMainStoryboardFile = Main;
				INFOPLIST_KEY_UISupportedInterfaceOrientations_iPad = "UIInterfaceOrientationPortrait UIInterfaceOrientationPortraitUpsideDown UIInterfaceOrientationLandscapeLeft UIInterfaceOrientationLandscapeRight";
				INFOPLIST_KEY_UISupportedInterfaceOrientations_iPhone = "UIInterfaceOrientationPortrait UIInterfaceOrientationLandscapeLeft UIInterfaceOrientationLandscapeRight";
				LD_RUNPATH_SEARCH_PATHS = (
					"$(inherited)",
					"@executable_path/Frameworks",
				);
				MARKETING_VERSION = 1.0;
				PRODUCT_BUNDLE_IDENTIFIER = "com.Jose.Tab-Controller";
				PRODUCT_NAME = "$(TARGET_NAME)";
				SWIFT_EMIT_LOC_STRINGS = YES;
				SWIFT_VERSION = 5.0;
				TARGETED_DEVICE_FAMILY = "1,2";
			};
			name = Debug;
		};
		7EEEE1972B5067F00025D987 /* Release */ = {
			isa = XCBuildConfiguration;
			buildSettings = {
				ASSETCATALOG_COMPILER_APPICON_NAME = AppIcon;
				ASSETCATALOG_COMPILER_GLOBAL_ACCENT_COLOR_NAME = AccentColor;
				CODE_SIGN_STYLE = Automatic;
				CURRENT_PROJECT_VERSION = 1;
				GENERATE_INFOPLIST_FILE = YES;
				INFOPLIST_FILE = "Tab Controller/Info.plist";
				INFOPLIST_KEY_UIApplicationSupportsIndirectInputEvents = YES;
				INFOPLIST_KEY_UILaunchStoryboardName = LaunchScreen;
				INFOPLIST_KEY_UIMainStoryboardFile = Main;
				INFOPLIST_KEY_UISupportedInterfaceOrientations_iPad = "UIInterfaceOrientationPortrait UIInterfaceOrientationPortraitUpsideDown UIInterfaceOrientationLandscapeLeft UIInterfaceOrientationLandscapeRight";
				INFOPLIST_KEY_UISupportedInterfaceOrientations_iPhone = "UIInterfaceOrientationPortrait UIInterfaceOrientationLandscapeLeft UIInterfaceOrientationLandscapeRight";
				LD_RUNPATH_SEARCH_PATHS = (
					"$(inherited)",
					"@executable_path/Frameworks",
				);
				MARKETING_VERSION = 1.0;
				PRODUCT_BUNDLE_IDENTIFIER = "com.Jose.Tab-Controller";
				PRODUCT_NAME = "$(TARGET_NAME)";
				SWIFT_EMIT_LOC_STRINGS = YES;
				SWIFT_VERSION = 5.0;
				TARGETED_DEVICE_FAMILY = "1,2";
			};
			name = Release;
		};
		7EEEE1992B5067F00025D987 /* Debug */ = {
			isa = XCBuildConfiguration;
			buildSettings = {
				ALWAYS_EMBED_SWIFT_STANDARD_LIBRARIES = YES;
				BUNDLE_LOADER = "$(TEST_HOST)";
				CODE_SIGN_STYLE = Automatic;
				CURRENT_PROJECT_VERSION = 1;
				GENERATE_INFOPLIST_FILE = YES;
				IPHONEOS_DEPLOYMENT_TARGET = 16.2;
				MARKETING_VERSION = 1.0;
				PRODUCT_BUNDLE_IDENTIFIER = "com.Jose.Tab-ControllerTests";
				PRODUCT_NAME = "$(TARGET_NAME)";
				SWIFT_EMIT_LOC_STRINGS = NO;
				SWIFT_VERSION = 5.0;
				TARGETED_DEVICE_FAMILY = "1,2";
				TEST_HOST = "$(BUILT_PRODUCTS_DIR)/Tab Controller.app/$(BUNDLE_EXECUTABLE_FOLDER_PATH)/Tab Controller";
			};
			name = Debug;
		};
		7EEEE19A2B5067F00025D987 /* Release */ = {
			isa = XCBuildConfiguration;
			buildSettings = {
				ALWAYS_EMBED_SWIFT_STANDARD_LIBRARIES = YES;
				BUNDLE_LOADER = "$(TEST_HOST)";
				CODE_SIGN_STYLE = Automatic;
				CURRENT_PROJECT_VERSION = 1;
				GENERATE_INFOPLIST_FILE = YES;
				IPHONEOS_DEPLOYMENT_TARGET = 16.2;
				MARKETING_VERSION = 1.0;
				PRODUCT_BUNDLE_IDENTIFIER = "com.Jose.Tab-ControllerTests";
				PRODUCT_NAME = "$(TARGET_NAME)";
				SWIFT_EMIT_LOC_STRINGS = NO;
				SWIFT_VERSION = 5.0;
				TARGETED_DEVICE_FAMILY = "1,2";
				TEST_HOST = "$(BUILT_PRODUCTS_DIR)/Tab Controller.app/$(BUNDLE_EXECUTABLE_FOLDER_PATH)/Tab Controller";
			};
			name = Release;
		};
		7EEEE19C2B5067F00025D987 /* Debug */ = {
			isa = XCBuildConfiguration;
			buildSettings = {
				ALWAYS_EMBED_SWIFT_STANDARD_LIBRARIES = YES;
				CODE_SIGN_STYLE = Automatic;
				CURRENT_PROJECT_VERSION = 1;
				GENERATE_INFOPLIST_FILE = YES;
				MARKETING_VERSION = 1.0;
				PRODUCT_BUNDLE_IDENTIFIER = "com.Jose.Tab-ControllerUITests";
				PRODUCT_NAME = "$(TARGET_NAME)";
				SWIFT_EMIT_LOC_STRINGS = NO;
				SWIFT_VERSION = 5.0;
				TARGETED_DEVICE_FAMILY = "1,2";
				TEST_TARGET_NAME = "Tab Controller";
			};
			name = Debug;
		};
		7EEEE19D2B5067F00025D987 /* Release */ = {
			isa = XCBuildConfiguration;
			buildSettings = {
				ALWAYS_EMBED_SWIFT_STANDARD_LIBRARIES = YES;
				CODE_SIGN_STYLE = Automatic;
				CURRENT_PROJECT_VERSION = 1;
				GENERATE_INFOPLIST_FILE = YES;
				MARKETING_VERSION = 1.0;
				PRODUCT_BUNDLE_IDENTIFIER = "com.Jose.Tab-ControllerUITests";
				PRODUCT_NAME = "$(TARGET_NAME)";
				SWIFT_EMIT_LOC_STRINGS = NO;
				SWIFT_VERSION = 5.0;
				TARGETED_DEVICE_FAMILY = "1,2";
				TEST_TARGET_NAME = "Tab Controller";
			};
			name = Release;
		};
/* End XCBuildConfiguration section */

/* Begin XCConfigurationList section */
		7EEEE1662B5067E60025D987 /* Build configuration list for PBXProject "Tab Controller" */ = {
			isa = XCConfigurationList;
			buildConfigurations = (
				7EEEE1932B5067F00025D987 /* Debug */,
				7EEEE1942B5067F00025D987 /* Release */,
			);
			defaultConfigurationIsVisible = 0;
			defaultConfigurationName = Release;
		};
		7EEEE1952B5067F00025D987 /* Build configuration list for PBXNativeTarget "Tab Controller" */ = {
			isa = XCConfigurationList;
			buildConfigurations = (
				7EEEE1962B5067F00025D987 /* Debug */,
				7EEEE1972B5067F00025D987 /* Release */,
			);
			defaultConfigurationIsVisible = 0;
			defaultConfigurationName = Release;
		};
		7EEEE1982B5067F00025D987 /* Build configuration list for PBXNativeTarget "Tab ControllerTests" */ = {
			isa = XCConfigurationList;
			buildConfigurations = (
				7EEEE1992B5067F00025D987 /* Debug */,
				7EEEE19A2B5067F00025D987 /* Release */,
			);
			defaultConfigurationIsVisible = 0;
			defaultConfigurationName = Release;
		};
		7EEEE19B2B5067F00025D987 /* Build configuration list for PBXNativeTarget "Tab ControllerUITests" */ = {
			isa = XCConfigurationList;
			buildConfigurations = (
				7EEEE19C2B5067F00025D987 /* Debug */,
				7EEEE19D2B5067F00025D987 /* Release */,
			);
			defaultConfigurationIsVisible = 0;
			defaultConfigurationName = Release;
		};
/* End XCConfigurationList section */
	};
	rootObject = 7EEEE1632B5067E60025D987 /* Project object */;
}
